
Microsoft Visual Studio Solution File, Format Version 12.00
# Visual Studio Version 17
VisualStudioVersion = 17.1.32228.430
MinimumVisualStudioVersion = 10.0.40219.1
Project("{FAE04EC0-301F-11D3-BF4B-00C04F79EFBC}") = "VocabularyApp", "VocabularyApp\VocabularyApp.csproj", "{CBF51222-D933-4423-8FDF-450A6493DAAB}"
EndProject
Global
	GlobalSection(SolutionConfigurationPlatforms) = preSolution
		Debug|Any CPU = Debug|Any CPU
		Release|Any CPU = Release|Any CPU
	EndGlobalSection
	GlobalSection(ProjectConfigurationPlatforms) = postSolution
		{CBF51222-D933-4423-8FDF-450A6493DAAB}.Debug|Any CPU.ActiveCfg = Debug|Any CPU
		{CBF51222-D933-4423-8FDF-450A6493DAAB}.Debug|Any CPU.Build.0 = Debug|Any CPU
		{CBF51222-D933-4423-8FDF-450A6493DAAB}.Release|Any CPU.ActiveCfg = Release|Any CPU
		{CBF51222-D933-4423-8FDF-450A6493DAAB}.Release|Any CPU.Build.0 = Release|Any CPU
	EndGlobalSection
	GlobalSection(SolutionProperties) = preSolution
		HideSolutionNode = FALSE
	EndGlobalSection
	GlobalSection(ExtensibilityGlobals) = postSolution
		SolutionGuid = {F53E07FA-EA7A-48FD-BA5E-79862BF9A65F}
	EndGlobalSection
EndGlobal
